
Microsoft Visual Studio Solution File, Format Version 12.00
# Visual Studio 14
VisualStudioVersion = 14.0.25420.1
MinimumVisualStudioVersion = 10.0.40219.1
Project("{FAE04EC0-301F-11D3-BF4B-00C04F79EFBC}") = "Scraper", "src\Scraper\Scraper.csproj", "{DCE16F47-1D68-4808-8A38-C1D530C43971}"
EndProject
Project("{FAE04EC0-301F-11D3-BF4B-00C04F79EFBC}") = "DbModel", "src\DbModel\DbModel.csproj", "{9B8AF5A7-7627-47BB-8366-87C53D6F51A0}"
EndProject
Project("{FAE04EC0-301F-11D3-BF4B-00C04F79EFBC}") = "UnitTest.Scraper", "src\UnitTest.Scraper\UnitTest.Scraper.csproj", "{BED2616A-D64A-42CF-A757-30907D10B8B3}"
	ProjectSection(ProjectDependencies) = postProject
		{2B66058C-680D-41AD-8770-988E60961B7C} = {2B66058C-680D-41AD-8770-988E60961B7C}
		{9B8AF5A7-7627-47BB-8366-87C53D6F51A0} = {9B8AF5A7-7627-47BB-8366-87C53D6F51A0}
	EndProjectSection
EndProject
Project("{FAE04EC0-301F-11D3-BF4B-00C04F79EFBC}") = "Medium", "src\Medium\Medium.csproj", "{2B66058C-680D-41AD-8770-988E60961B7C}"
EndProject
Project("{FAE04EC0-301F-11D3-BF4B-00C04F79EFBC}") = "UnitTest.DbModel", "src\UnitTest.DbModel\UnitTest.DbModel.csproj", "{26165134-563E-416E-B55B-CA32816C9ED4}"
EndProject
Global
	GlobalSection(SolutionConfigurationPlatforms) = preSolution
		Debug|Any CPU = Debug|Any CPU
		Release|Any CPU = Release|Any CPU
	EndGlobalSection
	GlobalSection(ProjectConfigurationPlatforms) = postSolution
		{DCE16F47-1D68-4808-8A38-C1D530C43971}.Debug|Any CPU.ActiveCfg = Debug|Any CPU
		{DCE16F47-1D68-4808-8A38-C1D530C43971}.Debug|Any CPU.Build.0 = Debug|Any CPU
		{DCE16F47-1D68-4808-8A38-C1D530C43971}.Release|Any CPU.ActiveCfg = Release|Any CPU
		{DCE16F47-1D68-4808-8A38-C1D530C43971}.Release|Any CPU.Build.0 = Release|Any CPU
		{9B8AF5A7-7627-47BB-8366-87C53D6F51A0}.Debug|Any CPU.ActiveCfg = Debug|Any CPU
		{9B8AF5A7-7627-47BB-8366-87C53D6F51A0}.Debug|Any CPU.Build.0 = Debug|Any CPU
		{9B8AF5A7-7627-47BB-8366-87C53D6F51A0}.Release|Any CPU.ActiveCfg = Release|Any CPU
		{9B8AF5A7-7627-47BB-8366-87C53D6F51A0}.Release|Any CPU.Build.0 = Release|Any CPU
		{BED2616A-D64A-42CF-A757-30907D10B8B3}.Debug|Any CPU.ActiveCfg = Debug|Any CPU
		{BED2616A-D64A-42CF-A757-30907D10B8B3}.Debug|Any CPU.Build.0 = Debug|Any CPU
		{BED2616A-D64A-42CF-A757-30907D10B8B3}.Release|Any CPU.ActiveCfg = Release|Any CPU
		{BED2616A-D64A-42CF-A757-30907D10B8B3}.Release|Any CPU.Build.0 = Release|Any CPU
		{2B66058C-680D-41AD-8770-988E60961B7C}.Debug|Any CPU.ActiveCfg = Debug|Any CPU
		{2B66058C-680D-41AD-8770-988E60961B7C}.Debug|Any CPU.Build.0 = Debug|Any CPU
		{2B66058C-680D-41AD-8770-988E60961B7C}.Release|Any CPU.ActiveCfg = Release|Any CPU
		{2B66058C-680D-41AD-8770-988E60961B7C}.Release|Any CPU.Build.0 = Release|Any CPU
		{26165134-563E-416E-B55B-CA32816C9ED4}.Debug|Any CPU.ActiveCfg = Debug|Any CPU
		{26165134-563E-416E-B55B-CA32816C9ED4}.Debug|Any CPU.Build.0 = Debug|Any CPU
		{26165134-563E-416E-B55B-CA32816C9ED4}.Release|Any CPU.ActiveCfg = Release|Any CPU
		{26165134-563E-416E-B55B-CA32816C9ED4}.Release|Any CPU.Build.0 = Release|Any CPU
	EndGlobalSection
	GlobalSection(SolutionProperties) = preSolution
		HideSolutionNode = FALSE
	EndGlobalSection
EndGlobal
